// !$*UTF8*$!
{
	archiveVersion = 1;
	classes = {
	};
	objectVersion = 56;
	objects = {

/* Begin PBXBuildFile section */
		41A85ACD2BF400E2006F8E4C /* MealFetchApp.swift in Sources */ = {isa = PBXBuildFile; fileRef = 41A85ACC2BF400E2006F8E4C /* MealFetchApp.swift */; };
		41A85AD12BF400E3006F8E4C /* Assets.xcassets in Resources */ = {isa = PBXBuildFile; fileRef = 41A85AD02BF400E3006F8E4C /* Assets.xcassets */; };
		41A85AD42BF400E3006F8E4C /* Preview Assets.xcassets in Resources */ = {isa = PBXBuildFile; fileRef = 41A85AD32BF400E3006F8E4C /* Preview Assets.xcassets */; };
		41A85ADB2BF40134006F8E4C /* Menu.swift in Sources */ = {isa = PBXBuildFile; fileRef = 41A85ADA2BF40134006F8E4C /* Menu.swift */; };
		41A85ADD2BF4015C006F8E4C /* MenuListViewModel.swift in Sources */ = {isa = PBXBuildFile; fileRef = 41A85ADC2BF4015C006F8E4C /* MenuListViewModel.swift */; };
		41A85AE12BF40195006F8E4C /* MenuListView.swift in Sources */ = {isa = PBXBuildFile; fileRef = 41A85AE02BF40195006F8E4C /* MenuListView.swift */; };
		41A85AE32BF401CC006F8E4C /* MenuDetail.swift in Sources */ = {isa = PBXBuildFile; fileRef = 41A85AE22BF401CC006F8E4C /* MenuDetail.swift */; };
		41A85AE52BF401F4006F8E4C /* MenuDetailViewModel.swift in Sources */ = {isa = PBXBuildFile; fileRef = 41A85AE42BF401F4006F8E4C /* MenuDetailViewModel.swift */; };
		41A85AE72BF40292006F8E4C /* MenuDetailView.swift in Sources */ = {isa = PBXBuildFile; fileRef = 41A85AE62BF40292006F8E4C /* MenuDetailView.swift */; };
/* End PBXBuildFile section */

/* Begin PBXFileReference section */
		41A85AC92BF400E2006F8E4C /* MealFetch.app */ = {isa = PBXFileReference; explicitFileType = wrapper.application; includeInIndex = 0; path = MealFetch.app; sourceTree = BUILT_PRODUCTS_DIR; };
		41A85ACC2BF400E2006F8E4C /* MealFetchApp.swift */ = {isa = PBXFileReference; lastKnownFileType = sourcecode.swift; path = MealFetchApp.swift; sourceTree = "<group>"; };
		41A85AD02BF400E3006F8E4C /* Assets.xcassets */ = {isa = PBXFileReference; lastKnownFileType = folder.assetcatalog; path = Assets.xcassets; sourceTree = "<group>"; };
		41A85AD32BF400E3006F8E4C /* Preview Assets.xcassets */ = {isa = PBXFileReference; lastKnownFileType = folder.assetcatalog; path = "Preview Assets.xcassets"; sourceTree = "<group>"; };
		41A85ADA2BF40134006F8E4C /* Menu.swift */ = {isa = PBXFileReference; lastKnownFileType = sourcecode.swift; path = Menu.swift; sourceTree = "<group>"; };
		41A85ADC2BF4015C006F8E4C /* MenuListViewModel.swift */ = {isa = PBXFileReference; lastKnownFileType = sourcecode.swift; path = MenuListViewModel.swift; sourceTree = "<group>"; };
		41A85AE02BF40195006F8E4C /* MenuListView.swift */ = {isa = PBXFileReference; lastKnownFileType = sourcecode.swift; path = MenuListView.swift; sourceTree = "<group>"; };
		41A85AE22BF401CC006F8E4C /* MenuDetail.swift */ = {isa = PBXFileReference; lastKnownFileType = sourcecode.swift; path = MenuDetail.swift; sourceTree = "<group>"; };
		41A85AE42BF401F4006F8E4C /* MenuDetailViewModel.swift */ = {isa = PBXFileReference; lastKnownFileType = sourcecode.swift; path = MenuDetailViewModel.swift; sourceTree = "<group>"; };
		41A85AE62BF40292006F8E4C /* MenuDetailView.swift */ = {isa = PBXFileReference; lastKnownFileType = sourcecode.swift; path = MenuDetailView.swift; sourceTree = "<group>"; };
/* End PBXFileReference section */

/* Begin PBXFrameworksBuildPhase section */
		41A85AC62BF400E2006F8E4C /* Frameworks */ = {
			isa = PBXFrameworksBuildPhase;
			buildActionMask = 2147483647;
			files = (
			);
			runOnlyForDeploymentPostprocessing = 0;
		};
/* End PBXFrameworksBuildPhase section */

/* Begin PBXGroup section */
		41A85AC02BF400E2006F8E4C = {
			isa = PBXGroup;
			children = (
				41A85ACB2BF400E2006F8E4C /* MealFetch */,
				41A85ACA2BF400E2006F8E4C /* Products */,
			);
			sourceTree = "<group>";
		};
		41A85ACA2BF400E2006F8E4C /* Products */ = {
			isa = PBXGroup;
			children = (
				41A85AC92BF400E2006F8E4C /* MealFetch.app */,
			);
			name = Products;
			sourceTree = "<group>";
		};
		41A85ACB2BF400E2006F8E4C /* MealFetch */ = {
			isa = PBXGroup;
			children = (
				41A85ACC2BF400E2006F8E4C /* MealFetchApp.swift */,
				41A85ADA2BF40134006F8E4C /* Menu.swift */,
				41A85ADC2BF4015C006F8E4C /* MenuListViewModel.swift */,
				41A85AE02BF40195006F8E4C /* MenuListView.swift */,
				41A85AE22BF401CC006F8E4C /* MenuDetail.swift */,
				41A85AE42BF401F4006F8E4C /* MenuDetailViewModel.swift */,
				41A85AE62BF40292006F8E4C /* MenuDetailView.swift */,
				41A85AD02BF400E3006F8E4C /* Assets.xcassets */,
				41A85AD22BF400E3006F8E4C /* Preview Content */,
			);
			path = MealFetch;
			sourceTree = "<group>";
		};
		41A85AD22BF400E3006F8E4C /* Preview Content */ = {
			isa = PBXGroup;
			children = (
				41A85AD32BF400E3006F8E4C /* Preview Assets.xcassets */,
			);
			path = "Preview Content";
			sourceTree = "<group>";
		};
/* End PBXGroup section */

/* Begin PBXNativeTarget section */
		41A85AC82BF400E2006F8E4C /* MealFetch */ = {
			isa = PBXNativeTarget;
			buildConfigurationList = 41A85AD72BF400E3006F8E4C /* Build configuration list for PBXNativeTarget "MealFetch" */;
			buildPhases = (
				41A85AC52BF400E2006F8E4C /* Sources */,
				41A85AC62BF400E2006F8E4C /* Frameworks */,
				41A85AC72BF400E2006F8E4C /* Resources */,
			);
			buildRules = (
			);
			dependencies = (
			);
			name = MealFetch;
			productName = MealFetch;
			productReference = 41A85AC92BF400E2006F8E4C /* MealFetch.app */;
			productType = "com.apple.product-type.application";
		};
/* End PBXNativeTarget section */

/* Begin PBXProject section */
		41A85AC12BF400E2006F8E4C /* Project object */ = {
			isa = PBXProject;
			attributes = {
				BuildIndependentTargetsInParallel = 1;
				LastSwiftUpdateCheck = 1530;
				LastUpgradeCheck = 1530;
				TargetAttributes = {
					41A85AC82BF400E2006F8E4C = {
						CreatedOnToolsVersion = 15.3;
					};
				};
			};
			buildConfigurationList = 41A85AC42BF400E2006F8E4C /* Build configuration list for PBXProject "MealFetch" */;
			compatibilityVersion = "Xcode 14.0";
			developmentRegion = en;
			hasScannedForEncodings = 0;
			knownRegions = (
				en,
				Base,
			);
			mainGroup = 41A85AC02BF400E2006F8E4C;
			productRefGroup = 41A85ACA2BF400E2006F8E4C /* Products */;
			projectDirPath = "";
			projectRoot = "";
			targets = (
				41A85AC82BF400E2006F8E4C /* MealFetch */,
			);
		};
/* End PBXProject section */

/* Begin PBXResourcesBuildPhase section */
		41A85AC72BF400E2006F8E4C /* Resources */ = {
			isa = PBXResourcesBuildPhase;
			buildActionMask = 2147483647;
			files = (
				41A85AD42BF400E3006F8E4C /* Preview Assets.xcassets in Resources */,
				41A85AD12BF400E3006F8E4C /* Assets.xcassets in Resources */,
			);
			runOnlyForDeploymentPostprocessing = 0;
		};
/* End PBXResourcesBuildPhase section */

/* Begin PBXSourcesBuildPhase section */
		41A85AC52BF400E2006F8E4C /* Sources */ = {
			isa = PBXSourcesBuildPhase;
			buildActionMask = 2147483647;
			files = (
				41A85ADB2BF40134006F8E4C /* Menu.swift in Sources */,
				41A85AE32BF401CC006F8E4C /* MenuDetail.swift in Sources */,
				41A85AE12BF40195006F8E4C /* MenuListView.swift in Sources */,
				41A85AE72BF40292006F8E4C /* MenuDetailView.swift in Sources */,
				41A85ACD2BF400E2006F8E4C /* MealFetchApp.swift in Sources */,
				41A85AE52BF401F4006F8E4C /* MenuDetailViewModel.swift in Sources */,
				41A85ADD2BF4015C006F8E4C /* MenuListViewModel.swift in Sources */,
			);
			runOnlyForDeploymentPostprocessing = 0;
		};
/* End PBXSourcesBuildPhase section */

/* Begin XCBuildConfiguration section */
		41A85AD52BF400E3006F8E4C /* Debug */ = {
			isa = XCBuildConfiguration;
			buildSettings = {
				ALWAYS_SEARCH_USER_PATHS = NO;
				ASSETCATALOG_COMPILER_GENERATE_SWIFT_ASSET_SYMBOL_EXTENSIONS = YES;
				CLANG_ANALYZER_NONNULL = YES;
				CLANG_ANALYZER_NUMBER_OBJECT_CONVERSION = YES_AGGRESSIVE;
				CLANG_CXX_LANGUAGE_STANDARD = "gnu++20";
				CLANG_ENABLE_MODULES = YES;
				CLANG_ENABLE_OBJC_ARC = YES;
				CLANG_ENABLE_OBJC_WEAK = YES;
				CLANG_WARN_BLOCK_CAPTURE_AUTORELEASING = YES;
				CLANG_WARN_BOOL_CONVERSION = YES;
				CLANG_WARN_COMMA = YES;
				CLANG_WARN_CONSTANT_CONVERSION = YES;
				CLANG_WARN_DEPRECATED_OBJC_IMPLEMENTATIONS = YES;
				CLANG_WARN_DIRECT_OBJC_ISA_USAGE = YES_ERROR;
				CLANG_WARN_DOCUMENTATION_COMMENTS = YES;
				CLANG_WARN_EMPTY_BODY = YES;
				CLANG_WARN_ENUM_CONVERSION = YES;
				CLANG_WARN_INFINITE_RECURSION = YES;
				CLANG_WARN_INT_CONVERSION = YES;
				CLANG_WARN_NON_LITERAL_NULL_CONVERSION = YES;
				CLANG_WARN_OBJC_IMPLICIT_RETAIN_SELF = YES;
				CLANG_WARN_OBJC_LITERAL_CONVERSION = YES;
				CLANG_WARN_OBJC_ROOT_CLASS = YES_ERROR;
				CLANG_WARN_QUOTED_INCLUDE_IN_FRAMEWORK_HEADER = YES;
				CLANG_WARN_RANGE_LOOP_ANALYSIS = YES;
				CLANG_WARN_STRICT_PROTOTYPES = YES;
				CLANG_WARN_SUSPICIOUS_MOVE = YES;
				CLANG_WARN_UNGUARDED_AVAILABILITY = YES_AGGRESSIVE;
				CLANG_WARN_UNREACHABLE_CODE = YES;
				CLANG_WARN__DUPLICATE_METHOD_MATCH = YES;
				COPY_PHASE_STRIP = NO;
				DEBUG_INFORMATION_FORMAT = dwarf;
				ENABLE_STRICT_OBJC_MSGSEND = YES;
				ENABLE_TESTABILITY = YES;
				ENABLE_USER_SCRIPT_SANDBOXING = YES;
				GCC_C_LANGUAGE_STANDARD = gnu17;
				GCC_DYNAMIC_NO_PIC = NO;
				GCC_NO_COMMON_BLOCKS = YES;
				GCC_OPTIMIZATION_LEVEL = 0;
				GCC_PREPROCESSOR_DEFINITIONS = (
					"DEBUG=1",
					"$(inherited)",
				);
				GCC_WARN_64_TO_32_BIT_CONVERSION = YES;
				GCC_WARN_ABOUT_RETURN_TYPE = YES_ERROR;
				GCC_WARN_UNDECLARED_SELECTOR = YES;
				GCC_WARN_UNINITIALIZED_AUTOS = YES_AGGRESSIVE;
				GCC_WARN_UNUSED_FUNCTION = YES;
				GCC_WARN_UNUSED_VARIABLE = YES;
				IPHONEOS_DEPLOYMENT_TARGET = 17.4;
				LOCALIZATION_PREFERS_STRING_CATALOGS = YES;
				MTL_ENABLE_DEBUG_INFO = INCLUDE_SOURCE;
				MTL_FAST_MATH = YES;
				ONLY_ACTIVE_ARCH = YES;
				SDKROOT = iphoneos;
				SWIFT_ACTIVE_COMPILATION_CONDITIONS = "DEBUG $(inherited)";
				SWIFT_OPTIMIZATION_LEVEL = "-Onone";
			};
			name = Debug;
		};
		41A85AD62BF400E3006F8E4C /* Release */ = {
			isa = XCBuildConfiguration;
			buildSettings = {
				ALWAYS_SEARCH_USER_PATHS = NO;
				ASSETCATALOG_COMPILER_GENERATE_SWIFT_ASSET_SYMBOL_EXTENSIONS = YES;
				CLANG_ANALYZER_NONNULL = YES;
				CLANG_ANALYZER_NUMBER_OBJECT_CONVERSION = YES_AGGRESSIVE;
				CLANG_CXX_LANGUAGE_STANDARD = "gnu++20";
				CLANG_ENABLE_MODULES = YES;
				CLANG_ENABLE_OBJC_ARC = YES;
				CLANG_ENABLE_OBJC_WEAK = YES;
				CLANG_WARN_BLOCK_CAPTURE_AUTORELEASING = YES;
				CLANG_WARN_BOOL_CONVERSION = YES;
				CLANG_WARN_COMMA = YES;
				CLANG_WARN_CONSTANT_CONVERSION = YES;
				CLANG_WARN_DEPRECATED_OBJC_IMPLEMENTATIONS = YES;
				CLANG_WARN_DIRECT_OBJC_ISA_USAGE = YES_ERROR;
				CLANG_WARN_DOCUMENTATION_COMMENTS = YES;
				CLANG_WARN_EMPTY_BODY = YES;
				CLANG_WARN_ENUM_CONVERSION = YES;
				CLANG_WARN_INFINITE_RECURSION = YES;
				CLANG_WARN_INT_CONVERSION = YES;
				CLANG_WARN_NON_LITERAL_NULL_CONVERSION = YES;
				CLANG_WARN_OBJC_IMPLICIT_RETAIN_SELF = YES;
				CLANG_WARN_OBJC_LITERAL_CONVERSION = YES;
				CLANG_WARN_OBJC_ROOT_CLASS = YES_ERROR;
				CLANG_WARN_QUOTED_INCLUDE_IN_FRAMEWORK_HEADER = YES;
				CLANG_WARN_RANGE_LOOP_ANALYSIS = YES;
				CLANG_WARN_STRICT_PROTOTYPES = YES;
				CLANG_WARN_SUSPICIOUS_MOVE = YES;
				CLANG_WARN_UNGUARDED_AVAILABILITY = YES_AGGRESSIVE;
				CLANG_WARN_UNREACHABLE_CODE = YES;
				CLANG_WARN__DUPLICATE_METHOD_MATCH = YES;
				COPY_PHASE_STRIP = NO;
				DEBUG_INFORMATION_FORMAT = "dwarf-with-dsym";
				ENABLE_NS_ASSERTIONS = NO;
				ENABLE_STRICT_OBJC_MSGSEND = YES;
				ENABLE_USER_SCRIPT_SANDBOXING = YES;
				GCC_C_LANGUAGE_STANDARD = gnu17;
				GCC_NO_COMMON_BLOCKS = YES;
				GCC_WARN_64_TO_32_BIT_CONVERSION = YES;
				GCC_WARN_ABOUT_RETURN_TYPE = YES_ERROR;
				GCC_WARN_UNDECLARED_SELECTOR = YES;
				GCC_WARN_UNINITIALIZED_AUTOS = YES_AGGRESSIVE;
				GCC_WARN_UNUSED_FUNCTION = YES;
				GCC_WARN_UNUSED_VARIABLE = YES;
				IPHONEOS_DEPLOYMENT_TARGET = 17.4;
				LOCALIZATION_PREFERS_STRING_CATALOGS = YES;
				MTL_ENABLE_DEBUG_INFO = NO;
				MTL_FAST_MATH = YES;
				SDKROOT = iphoneos;
				SWIFT_COMPILATION_MODE = wholemodule;
				VALIDATE_PRODUCT = YES;
			};
			name = Release;
		};
		41A85AD82BF400E3006F8E4C /* Debug */ = {
			isa = XCBuildConfiguration;
			buildSettings = {
				ASSETCATALOG_COMPILER_APPICON_NAME = AppIcon;
				ASSETCATALOG_COMPILER_GLOBAL_ACCENT_COLOR_NAME = AccentColor;
				CODE_SIGN_STYLE = Automatic;
				CURRENT_PROJECT_VERSION = 1;
				DEVELOPMENT_ASSET_PATHS = "\"MealFetch/Preview Content\"";
				DEVELOPMENT_TEAM = N2J45EKP3Q;
				ENABLE_PREVIEWS = YES;
				GENERATE_INFOPLIST_FILE = YES;
				INFOPLIST_KEY_UIApplicationSceneManifest_Generation = YES;
				INFOPLIST_KEY_UIApplicationSupportsIndirectInputEvents = YES;
				INFOPLIST_KEY_UILaunchScreen_Generation = YES;
				INFOPLIST_KEY_UISupportedInterfaceOrientations_iPad = "UIInterfaceOrientationPortrait UIInterfaceOrientationPortraitUpsideDown UIInterfaceOrientationLandscapeLeft UIInterfaceOrientationLandscapeRight";
				INFOPLIST_KEY_UISupportedInterfaceOrientations_iPhone = "UIInterfaceOrientationPortrait UIInterfaceOrientationLandscapeLeft UIInterfaceOrientationLandscapeRight";
				LD_RUNPATH_SEARCH_PATHS = (
					"$(inherited)",
					"@executable_path/Frameworks",
				);
				MARKETING_VERSION = 1.0;
				PRODUCT_BUNDLE_IDENTIFIER = com.attharva.MealFetch;
				PRODUCT_NAME = "$(TARGET_NAME)";
				SWIFT_EMIT_LOC_STRINGS = YES;
				SWIFT_VERSION = 5.0;
				TARGETED_DEVICE_FAMILY = "1,2";
			};
			name = Debug;
		};
		41A85AD92BF400E3006F8E4C /* Release */ = {
			isa = XCBuildConfiguration;
			buildSettings = {
				ASSETCATALOG_COMPILER_APPICON_NAME = AppIcon;
				ASSETCATALOG_COMPILER_GLOBAL_ACCENT_COLOR_NAME = AccentColor;
				CODE_SIGN_STYLE = Automatic;
				CURRENT_PROJECT_VERSION = 1;
				DEVELOPMENT_ASSET_PATHS = "\"MealFetch/Preview Content\"";
				DEVELOPMENT_TEAM = N2J45EKP3Q;
				ENABLE_PREVIEWS = YES;
				GENERATE_INFOPLIST_FILE = YES;
				INFOPLIST_KEY_UIApplicationSceneManifest_Generation = YES;
				INFOPLIST_KEY_UIApplicationSupportsIndirectInputEvents = YES;
				INFOPLIST_KEY_UILaunchScreen_Generation = YES;
				INFOPLIST_KEY_UISupportedInterfaceOrientations_iPad = "UIInterfaceOrientationPortrait UIInterfaceOrientationPortraitUpsideDown UIInterfaceOrientationLandscapeLeft UIInterfaceOrientationLandscapeRight";
				INFOPLIST_KEY_UISupportedInterfaceOrientations_iPhone = "UIInterfaceOrientationPortrait UIInterfaceOrientationLandscapeLeft UIInterfaceOrientationLandscapeRight";
				LD_RUNPATH_SEARCH_PATHS = (
					"$(inherited)",
					"@executable_path/Frameworks",
				);
				MARKETING_VERSION = 1.0;
				PRODUCT_BUNDLE_IDENTIFIER = com.attharva.MealFetch;
				PRODUCT_NAME = "$(TARGET_NAME)";
				SWIFT_EMIT_LOC_STRINGS = YES;
				SWIFT_VERSION = 5.0;
				TARGETED_DEVICE_FAMILY = "1,2";
			};
			name = Release;
		};
/* End XCBuildConfiguration section */

/* Begin XCConfigurationList section */
		41A85AC42BF400E2006F8E4C /* Build configuration list for PBXProject "MealFetch" */ = {
			isa = XCConfigurationList;
			buildConfigurations = (
				41A85AD52BF400E3006F8E4C /* Debug */,
				41A85AD62BF400E3006F8E4C /* Release */,
			);
			defaultConfigurationIsVisible = 0;
			defaultConfigurationName = Release;
		};
		41A85AD72BF400E3006F8E4C /* Build configuration list for PBXNativeTarget "MealFetch" */ = {
			isa = XCConfigurationList;
			buildConfigurations = (
				41A85AD82BF400E3006F8E4C /* Debug */,
				41A85AD92BF400E3006F8E4C /* Release */,
			);
			defaultConfigurationIsVisible = 0;
			defaultConfigurationName = Release;
		};
/* End XCConfigurationList section */
	};
	rootObject = 41A85AC12BF400E2006F8E4C /* Project object */;
}
